
Microsoft Visual Studio Solution File, Format Version 12.00
# Visual Studio Version 17
VisualStudioVersion = 17.13.35919.96 d17.13
MinimumVisualStudioVersion = 10.0.40219.1
Project("{FAE04EC0-301F-11D3-BF4B-00C04F79EFBC}") = "DotNet-Dump", "DotNet-Dump.csproj", "{58077210-F2AC-421A-AF56-C0B9C036202C}"
EndProject
Global
	GlobalSection(SolutionConfigurationPlatforms) = preSolution
		Debug|Any CPU = Debug|Any CPU
		Release|Any CPU = Release|Any CPU
	EndGlobalSection
	GlobalSection(ProjectConfigurationPlatforms) = postSolution
		{58077210-F2AC-421A-AF56-C0B9C036202C}.Debug|Any CPU.ActiveCfg = Debug|Any CPU
		{58077210-F2AC-421A-AF56-C0B9C036202C}.Debug|Any CPU.Build.0 = Debug|Any CPU
		{58077210-F2AC-421A-AF56-C0B9C036202C}.Release|Any CPU.ActiveCfg = Release|Any CPU
		{58077210-F2AC-421A-AF56-C0B9C036202C}.Release|Any CPU.Build.0 = Release|Any CPU
	EndGlobalSection
	GlobalSection(SolutionProperties) = preSolution
		HideSolutionNode = FALSE
	EndGlobalSection
	GlobalSection(ExtensibilityGlobals) = postSolution
		SolutionGuid = {BC84FB9D-4DD7-4D45-A83B-781D53175D00}
	EndGlobalSection
EndGlobal
